
Microsoft Visual Studio Solution File, Format Version 12.00
# Visual Studio Version 16
VisualStudioVersion = 16.0.32228.343
MinimumVisualStudioVersion = 10.0.40219.1
Project("{8BC9CEB8-8B4A-11D0-8D11-00A0C91BC942}") = "lib", "lib\lib.vcxproj", "{5A15CFD0-FB0E-4D12-B710-F26E2EA14143}"
EndProject
Global
	GlobalSection(SolutionConfigurationPlatforms) = preSolution
		Debug|arm64 = Debug|arm64
		Debug|x64 = Debug|x64
		Debug|x86 = Debug|x86
		Release|arm64 = Release|arm64
		Release|x64 = Release|x64
		Release|x86 = Release|x86
	EndGlobalSection
	GlobalSection(ProjectConfigurationPlatforms) = postSolution
		{5A15CFD0-FB0E-4D12-B710-F26E2EA14143}.Debug|arm64.ActiveCfg = Debug|arm64
		{5A15CFD0-FB0E-4D12-B710-F26E2EA14143}.Debug|arm64.Build.0 = Debug|arm64
		{5A15CFD0-FB0E-4D12-B710-F26E2EA14143}.Debug|x64.ActiveCfg = Debug|x64
		{5A15CFD0-FB0E-4D12-B710-F26E2EA14143}.Debug|x64.Build.0 = Debug|x64
		{5A15CFD0-FB0E-4D12-B710-F26E2EA14143}.Debug|x86.ActiveCfg = Debug|Win32
		{5A15CFD0-FB0E-4D12-B710-F26E2EA14143}.Debug|x86.Build.0 = Debug|Win32
		{5A15CFD0-FB0E-4D12-B710-F26E2EA14143}.Release|arm64.ActiveCfg = Release|arm64
		{5A15CFD0-FB0E-4D12-B710-F26E2EA14143}.Release|arm64.Build.0 = Release|arm64
		{5A15CFD0-FB0E-4D12-B710-F26E2EA14143}.Release|x64.ActiveCfg = Release|x64
		{5A15CFD0-FB0E-4D12-B710-F26E2EA14143}.Release|x64.Build.0 = Release|x64
		{5A15CFD0-FB0E-4D12-B710-F26E2EA14143}.Release|x86.ActiveCfg = Release|Win32
		{5A15CFD0-FB0E-4D12-B710-F26E2EA14143}.Release|x86.Build.0 = Release|Win32
	EndGlobalSection
	GlobalSection(SolutionProperties) = preSolution
		HideSolutionNode = FALSE
	EndGlobalSection
	GlobalSection(ExtensibilityGlobals) = postSolution
		SolutionGuid = {4CF4E5F5-6AB4-4BF6-8E5A-63FB86AABF34}
	EndGlobalSection
EndGlobal
